
Microsoft Visual Studio Solution File, Format Version 12.00
Project("{FAE04EC0-301F-11D3-BF4B-00C04F79EFBC}") = "CSBackendTest.Api", "CSBackendTest.Api\CSBackendTest.Api.csproj", "{CE965341-C26D-4C94-BF9A-822300F4A82E}"
EndProject
Project("{FAE04EC0-301F-11D3-BF4B-00C04F79EFBC}") = "CSBackendTest.Data", "CSBackendTest.Data\CSBackendTest.Data.csproj", "{01F036AA-D02A-4E96-9C0F-9536DA95DEDF}"
EndProject
Global
	GlobalSection(SolutionConfigurationPlatforms) = preSolution
		Debug|Any CPU = Debug|Any CPU
		Release|Any CPU = Release|Any CPU
	EndGlobalSection
	GlobalSection(ProjectConfigurationPlatforms) = postSolution
		{CE965341-C26D-4C94-BF9A-822300F4A82E}.Debug|Any CPU.ActiveCfg = Debug|Any CPU
		{CE965341-C26D-4C94-BF9A-822300F4A82E}.Debug|Any CPU.Build.0 = Debug|Any CPU
		{CE965341-C26D-4C94-BF9A-822300F4A82E}.Release|Any CPU.ActiveCfg = Release|Any CPU
		{CE965341-C26D-4C94-BF9A-822300F4A82E}.Release|Any CPU.Build.0 = Release|Any CPU
		{01F036AA-D02A-4E96-9C0F-9536DA95DEDF}.Debug|Any CPU.ActiveCfg = Debug|Any CPU
		{01F036AA-D02A-4E96-9C0F-9536DA95DEDF}.Debug|Any CPU.Build.0 = Debug|Any CPU
		{01F036AA-D02A-4E96-9C0F-9536DA95DEDF}.Release|Any CPU.ActiveCfg = Release|Any CPU
		{01F036AA-D02A-4E96-9C0F-9536DA95DEDF}.Release|Any CPU.Build.0 = Release|Any CPU
	EndGlobalSection
EndGlobal
